{
  "name": "test",
  "version": "1.0.0",
  "lockfileVersion": 1,
  "requires": true,
  "dependencies": {
    "greetingslibrary": {
      "version": "git+https://github.com/diegopm2000-boilerplate/greetingslibrary.git#1aa008d8c5ff68573d09c91b6e029b859d5f2f6b",
      "from": "git+https://github.com/diegopm2000-boilerplate/greetingslibrary.git"
    }
  }
}
